
Microsoft Visual Studio Solution File, Format Version 12.00
# Visual Studio 15
VisualStudioVersion = 15.0.26430.14
MinimumVisualStudioVersion = 10.0.40219.1
Project("{FAE04EC0-301F-11D3-BF4B-00C04F79EFBC}") = "HotelProject", "Hotel\HotelProject.csproj", "{2C67E4DF-FC3D-440B-9750-369E54654BE1}"
EndProject
Project("{FAE04EC0-301F-11D3-BF4B-00C04F79EFBC}") = "HotelProject.Tests", "HotelProject.Tests07\HotelProject.Tests.csproj", "{E2E2FF02-2DC9-4439-B5B7-76F7486CF3E4}"
EndProject
Global
	GlobalSection(SolutionConfigurationPlatforms) = preSolution
		Debug|Any CPU = Debug|Any CPU
		Release|Any CPU = Release|Any CPU
	EndGlobalSection
	GlobalSection(ProjectConfigurationPlatforms) = postSolution
		{2C67E4DF-FC3D-440B-9750-369E54654BE1}.Debug|Any CPU.ActiveCfg = Debug|Any CPU
		{2C67E4DF-FC3D-440B-9750-369E54654BE1}.Debug|Any CPU.Build.0 = Debug|Any CPU
		{2C67E4DF-FC3D-440B-9750-369E54654BE1}.Release|Any CPU.ActiveCfg = Release|Any CPU
		{2C67E4DF-FC3D-440B-9750-369E54654BE1}.Release|Any CPU.Build.0 = Release|Any CPU
		{E2E2FF02-2DC9-4439-B5B7-76F7486CF3E4}.Debug|Any CPU.ActiveCfg = Debug|Any CPU
		{E2E2FF02-2DC9-4439-B5B7-76F7486CF3E4}.Debug|Any CPU.Build.0 = Debug|Any CPU
		{E2E2FF02-2DC9-4439-B5B7-76F7486CF3E4}.Release|Any CPU.ActiveCfg = Release|Any CPU
		{E2E2FF02-2DC9-4439-B5B7-76F7486CF3E4}.Release|Any CPU.Build.0 = Release|Any CPU
	EndGlobalSection
	GlobalSection(SolutionProperties) = preSolution
		HideSolutionNode = FALSE
	EndGlobalSection
	GlobalSection(ExtensibilityGlobals) = postSolution
		SolutionGuid = {CD68C0DA-9B15-4F25-9CBA-D12E8F577F12}
	EndGlobalSection
EndGlobal
